PODS:
  - DZNEmptyDataSet (1.8.1)
  - Masonry (1.1.0)
  - MBProgressHUD (1.1.0)
  - MJExtension (3.1.0)
  - MJRefresh (3.1.15.3)
  - ReactiveObjC (3.1.1)
  - SWBaseControl (1.8):
    - DZNEmptyDataSet
    - MJExtension
    - ReactiveObjC
    - SWBaseControl/Other (= 1.8)
    - SWBaseControl/SWBaseViewController (= 1.8)
    - SWBaseControl/SWPopover (= 1.8)
    - SWCustomPresentation
    - SWExtension/Core
    - SWMultipleDelegateProxy
  - SWBaseControl/Other (1.8):
    - DZNEmptyDataSet
    - MJExtension
    - ReactiveObjC
    - SWCustomPresentation
    - SWExtension/Core
    - SWMultipleDelegateProxy
  - SWBaseControl/SWBaseViewController (1.8):
    - DZNEmptyDataSet
    - MJExtension
    - ReactiveObjC
    - SWCustomPresentation
    - SWExtension/Core
    - SWMultipleDelegateProxy
  - SWBaseControl/SWPopover (1.8):
    - DZNEmptyDataSet
    - MJExtension
    - ReactiveObjC
    - SWCustomPresentation
    - SWExtension/Core
    - SWMultipleDelegateProxy
  - SWCustomPresentation (0.0.4)
  - SWExtension/Core (1.7.1):
    - MBProgressHUD
    - SWExtension/Core/Foundation (= 1.7.1)
    - SWExtension/Core/UIKit (= 1.7.1)
  - SWExtension/Core/Foundation (1.7.1):
    - MBProgressHUD
  - SWExtension/Core/UIKit (1.7.1):
    - MBProgressHUD
  - SWMultipleDelegateProxy (0.0.6)

DEPENDENCIES:
  - Masonry
  - MJRefresh
  - SWBaseControl (from `./`)

SPEC REPOS:
  https://github.com/CocoaPods/Specs.git:
    - MBProgressHUD
    - MJExtension
    - MJRefresh
    - ReactiveObjC
    - SWCustomPresentation
    - SWExtension
  trunk:
    - DZNEmptyDataSet
    - Masonry
    - SWMultipleDelegateProxy

EXTERNAL SOURCES:
  SWBaseControl:
    :path: "./"

SPEC CHECKSUMS:
  DZNEmptyDataSet: 9525833b9e68ac21c30253e1d3d7076cc828eaa7
  Masonry: 678fab65091a9290e40e2832a55e7ab731aad201
  MBProgressHUD: e7baa36a220447d8aeb12769bf0585582f3866d9
  MJExtension: 6b69b3bef2864fd550ce1a184eda219e321209d2
  MJRefresh: b48380ae2b927b46c4ef000de9adb8dc748e1df7
  ReactiveObjC: 011caa393aa0383245f2dcf9bf02e86b80b36040
  SWBaseControl: 7d147cab310cae449ba1e0559f430390a0883c7d
  SWCustomPresentation: f7fe50b7fa4b6f660b13f26d61285924c4e75668
  SWExtension: c2a3ad97c98e8daf9e5083af6a70204f4df07d91
  SWMultipleDelegateProxy: a6ec2862c7e6eb5cd056777ddd5c97bec43b3c3c

PODFILE CHECKSUM: fc5211e1ef9bfa51c882bc3b8f09740ef8eb30fe

COCOAPODS: 1.9.3
