PODS:
  - MBProgressHUD (1.1.0)
  - SWBaseControl (0.0.3):
    - SWCustomPresentation
  - SWCustomPresentation (0.0.4)
  - SWExtension (1.5.0):
    - MBProgressHUD
    - SWExtension/Foundation (= 1.5.0)
    - SWExtension/UIKit (= 1.5.0)
  - SWExtension/Foundation (1.5.0):
    - MBProgressHUD
  - SWExtension/UIKit (1.5.0):
    - MBProgressHUD

DEPENDENCIES:
  - SWBaseControl (from `./`)
  - SWExtension

SPEC REPOS:
  https://github.com/cocoapods/specs.git:
    - MBProgressHUD
    - SWCustomPresentation
    - SWExtension

EXTERNAL SOURCES:
  SWBaseControl:
    :path: "./"

SPEC CHECKSUMS:
  MBProgressHUD: e7baa36a220447d8aeb12769bf0585582f3866d9
  SWBaseControl: a70238f87db1cb13906d60043be090b9609e31da
  SWCustomPresentation: f7fe50b7fa4b6f660b13f26d61285924c4e75668
  SWExtension: 245350a8ce5a00073f54667ba9e839536d627ceb

PODFILE CHECKSUM: 413b3ea6264da57a9dd4d104392341bf01c36704

COCOAPODS: 1.5.3
