PODS:
  - MBProgressHUD (1.1.0)
  - MJExtension (3.1.0)
  - MJRefresh (3.1.15.3)
  - ReactiveObjC (3.1.1)
  - SWBaseControl (1.3.8.8):
    - MJExtension
    - ReactiveObjC
    - SWBaseControl/Other (= 1.3.8.8)
    - SWBaseControl/SWBaseViewController (= 1.3.8.8)
    - SWBaseControl/SWPopover (= 1.3.8.8)
    - SWCustomPresentation
    - SWExtension/Core
    - SWMultipleDelegateProxy
  - SWBaseControl/Other (1.3.8.8):
    - MJExtension
    - ReactiveObjC
    - SWCustomPresentation
    - SWExtension/Core
    - SWMultipleDelegateProxy
  - SWBaseControl/SWBaseViewController (1.3.8.8):
    - MJExtension
    - ReactiveObjC
    - SWCustomPresentation
    - SWExtension/Core
    - SWMultipleDelegateProxy
  - SWBaseControl/SWPopover (1.3.8.8):
    - MJExtension
    - ReactiveObjC
    - SWCustomPresentation
    - SWExtension/Core
    - SWMultipleDelegateProxy
  - SWCustomPresentation (0.0.4)
  - SWExtension/Core (1.7.1):
    - MBProgressHUD
    - SWExtension/Core/Foundation (= 1.7.1)
    - SWExtension/Core/UIKit (= 1.7.1)
  - SWExtension/Core/Foundation (1.7.1):
    - MBProgressHUD
  - SWExtension/Core/UIKit (1.7.1):
    - MBProgressHUD
  - SWMultipleDelegateProxy (0.0.6)

DEPENDENCIES:
  - MJRefresh
  - SWBaseControl (from `./`)

SPEC REPOS:
  https://github.com/CocoaPods/Specs.git:
    - MBProgressHUD
    - MJExtension
    - MJRefresh
    - ReactiveObjC
    - SWCustomPresentation
    - SWExtension
  trunk:
    - SWMultipleDelegateProxy

EXTERNAL SOURCES:
  SWBaseControl:
    :path: "./"

SPEC CHECKSUMS:
  MBProgressHUD: e7baa36a220447d8aeb12769bf0585582f3866d9
  MJExtension: 6b69b3bef2864fd550ce1a184eda219e321209d2
  MJRefresh: b48380ae2b927b46c4ef000de9adb8dc748e1df7
  ReactiveObjC: 011caa393aa0383245f2dcf9bf02e86b80b36040
  SWBaseControl: 930699398e325b3acee0a248b2dd3249a0f3e742
  SWCustomPresentation: f7fe50b7fa4b6f660b13f26d61285924c4e75668
  SWExtension: c2a3ad97c98e8daf9e5083af6a70204f4df07d91
  SWMultipleDelegateProxy: a6ec2862c7e6eb5cd056777ddd5c97bec43b3c3c

PODFILE CHECKSUM: 874ecce71fa5fd158b0839c30ec4434c6481a734

COCOAPODS: 1.8.4
